
Microsoft Visual Studio Solution File, Format Version 12.00
# Visual Studio 2017
Project("{FAE04EC0-301F-11D3-BF4B-00C04F79EFBC}") = "testUnity", "testUnity.csproj", "{74D02E7B-4E0A-8028-1A72-5CC85C3A21D9}"
EndProject
Project("{FAE04EC0-301F-11D3-BF4B-00C04F79EFBC}") = "testUnity.Editor", "testUnity.Editor.csproj", "{DCBFBCA0-7AFF-D8FE-C7C7-7930CFA81C6E}"
EndProject
Global
	GlobalSection(SolutionConfigurationPlatforms) = preSolution
		Debug|Any CPU = Debug|Any CPU
		Release|Any CPU = Release|Any CPU
	EndGlobalSection
	GlobalSection(ProjectConfigurationPlatforms) = postSolution
		{74D02E7B-4E0A-8028-1A72-5CC85C3A21D9}.Debug|Any CPU.ActiveCfg = Debug|Any CPU
		{74D02E7B-4E0A-8028-1A72-5CC85C3A21D9}.Debug|Any CPU.Build.0 = Debug|Any CPU
		{74D02E7B-4E0A-8028-1A72-5CC85C3A21D9}.Release|Any CPU.ActiveCfg = Release|Any CPU
		{74D02E7B-4E0A-8028-1A72-5CC85C3A21D9}.Release|Any CPU.Build.0 = Release|Any CPU
		{DCBFBCA0-7AFF-D8FE-C7C7-7930CFA81C6E}.Debug|Any CPU.ActiveCfg = Debug|Any CPU
		{DCBFBCA0-7AFF-D8FE-C7C7-7930CFA81C6E}.Debug|Any CPU.Build.0 = Debug|Any CPU
		{DCBFBCA0-7AFF-D8FE-C7C7-7930CFA81C6E}.Release|Any CPU.ActiveCfg = Release|Any CPU
		{DCBFBCA0-7AFF-D8FE-C7C7-7930CFA81C6E}.Release|Any CPU.Build.0 = Release|Any CPU
	EndGlobalSection
	GlobalSection(SolutionProperties) = preSolution
		HideSolutionNode = FALSE
	EndGlobalSection
EndGlobal
